
Microsoft Visual Studio Solution File, Format Version 12.00
# Visual Studio Version 17
VisualStudioVersion = 17.9.34723.18
MinimumVisualStudioVersion = 10.0.40219.1
Project("{FAE04EC0-301F-11D3-BF4B-00C04F79EFBC}") = "RestApiServer", "RestApiServer.csproj", "{9260D1ED-9AF2-47CF-B53B-00F3D33D180F}"
EndProject
Global
	GlobalSection(SolutionConfigurationPlatforms) = preSolution
		Debug|Any CPU = Debug|Any CPU
		Release|Any CPU = Release|Any CPU
	EndGlobalSection
	GlobalSection(ProjectConfigurationPlatforms) = postSolution
		{9260D1ED-9AF2-47CF-B53B-00F3D33D180F}.Debug|Any CPU.ActiveCfg = Debug|Any CPU
		{9260D1ED-9AF2-47CF-B53B-00F3D33D180F}.Debug|Any CPU.Build.0 = Debug|Any CPU
		{9260D1ED-9AF2-47CF-B53B-00F3D33D180F}.Release|Any CPU.ActiveCfg = Release|Any CPU
		{9260D1ED-9AF2-47CF-B53B-00F3D33D180F}.Release|Any CPU.Build.0 = Release|Any CPU
	EndGlobalSection
	GlobalSection(SolutionProperties) = preSolution
		HideSolutionNode = FALSE
	EndGlobalSection
	GlobalSection(ExtensibilityGlobals) = postSolution
		SolutionGuid = {26037C4B-E485-4E7C-9C04-CBD48D04152F}
	EndGlobalSection
EndGlobal
